
Microsoft Visual Studio Solution File, Format Version 12.00
# Visual Studio 15
VisualStudioVersion = 15.0.27703.2042
MinimumVisualStudioVersion = 10.0.40219.1
Project("{9A19103F-16F7-4668-BE54-9A1E7A4F7556}") = "DatingApp.API", "DatingApp.API.csproj", "{A61A4056-BE48-45DD-879E-D018D4EA66F5}"
EndProject
Global
	GlobalSection(SolutionConfigurationPlatforms) = preSolution
		Debug|Any CPU = Debug|Any CPU
		Release|Any CPU = Release|Any CPU
	EndGlobalSection
	GlobalSection(ProjectConfigurationPlatforms) = postSolution
		{A61A4056-BE48-45DD-879E-D018D4EA66F5}.Debug|Any CPU.ActiveCfg = Debug|Any CPU
		{A61A4056-BE48-45DD-879E-D018D4EA66F5}.Debug|Any CPU.Build.0 = Debug|Any CPU
		{A61A4056-BE48-45DD-879E-D018D4EA66F5}.Release|Any CPU.ActiveCfg = Release|Any CPU
		{A61A4056-BE48-45DD-879E-D018D4EA66F5}.Release|Any CPU.Build.0 = Release|Any CPU
	EndGlobalSection
	GlobalSection(SolutionProperties) = preSolution
		HideSolutionNode = FALSE
	EndGlobalSection
	GlobalSection(ExtensibilityGlobals) = postSolution
		SolutionGuid = {22F29666-7E48-4CEA-9230-9EE24D569010}
	EndGlobalSection
EndGlobal
